
Microsoft Visual Studio Solution File, Format Version 12.00
# Visual Studio Version 16
VisualStudioVersion = 16.0.31729.503
MinimumVisualStudioVersion = 10.0.40219.1
Project("{8BC9CEB8-8B4A-11D0-8D11-00A0C91BC942}") = "todolistVersion2_0", "todolistVersion2_0.vcxproj", "{14D9E9B7-9FF8-3212-A191-24DD602123AA}"
EndProject
Global
	GlobalSection(SolutionConfigurationPlatforms) = preSolution
		Debug|x64 = Debug|x64
		Debug|x86 = Debug|x86
		Release|x64 = Release|x64
		Release|x86 = Release|x86
	EndGlobalSection
	GlobalSection(ProjectConfigurationPlatforms) = postSolution
		{14D9E9B7-9FF8-3212-A191-24DD602123AA}.Debug|x64.ActiveCfg = Debug|x64
		{14D9E9B7-9FF8-3212-A191-24DD602123AA}.Debug|x64.Build.0 = Debug|x64
		{14D9E9B7-9FF8-3212-A191-24DD602123AA}.Debug|x86.ActiveCfg = Debug|Win32
		{14D9E9B7-9FF8-3212-A191-24DD602123AA}.Debug|x86.Build.0 = Debug|Win32
		{14D9E9B7-9FF8-3212-A191-24DD602123AA}.Release|x64.ActiveCfg = Release|x64
		{14D9E9B7-9FF8-3212-A191-24DD602123AA}.Release|x64.Build.0 = Release|x64
		{14D9E9B7-9FF8-3212-A191-24DD602123AA}.Release|x86.ActiveCfg = Release|Win32
		{14D9E9B7-9FF8-3212-A191-24DD602123AA}.Release|x86.Build.0 = Release|Win32
	EndGlobalSection
	GlobalSection(SolutionProperties) = preSolution
		HideSolutionNode = FALSE
	EndGlobalSection
	GlobalSection(ExtensibilityGlobals) = postSolution
		SolutionGuid = {5AE28212-FC52-413E-90C7-CA4E6FBCB912}
	EndGlobalSection
EndGlobal
